
Microsoft Visual Studio Solution File, Format Version 12.00
# Visual Studio 15
VisualStudioVersion = 15.0.28307.1738
MinimumVisualStudioVersion = 10.0.40219.1
Project("{FAE04EC0-301F-11D3-BF4B-00C04F79EFBC}") = "KisiselWebSitesi", "KisiselWebSitesi\KisiselWebSitesi.csproj", "{F5AAD0F8-8171-48C8-A740-291082F068D1}"
EndProject
Global
	GlobalSection(SolutionConfigurationPlatforms) = preSolution
		Debug|Any CPU = Debug|Any CPU
		Release|Any CPU = Release|Any CPU
	EndGlobalSection
	GlobalSection(ProjectConfigurationPlatforms) = postSolution
		{F5AAD0F8-8171-48C8-A740-291082F068D1}.Debug|Any CPU.ActiveCfg = Debug|Any CPU
		{F5AAD0F8-8171-48C8-A740-291082F068D1}.Debug|Any CPU.Build.0 = Debug|Any CPU
		{F5AAD0F8-8171-48C8-A740-291082F068D1}.Release|Any CPU.ActiveCfg = Release|Any CPU
		{F5AAD0F8-8171-48C8-A740-291082F068D1}.Release|Any CPU.Build.0 = Release|Any CPU
	EndGlobalSection
	GlobalSection(SolutionProperties) = preSolution
		HideSolutionNode = FALSE
	EndGlobalSection
	GlobalSection(ExtensibilityGlobals) = postSolution
		SolutionGuid = {CD453C20-4AA5-4775-9368-6D8FF8B1CD2E}
	EndGlobalSection
EndGlobal
